// !$*UTF8*$!
{
	archiveVersion = 1;
	classes = {
	};
	objectVersion = 50;
	objects = {

/* Begin PBXBuildFile section */
		9DEE01C32220A097004E30EE /* AppDelegate.swift in Sources */ = {isa = PBXBuildFile; fileRef = 9DEE01C22220A097004E30EE /* AppDelegate.swift */; };
		9DEE01C52220A097004E30EE /* GameScene.sks in Resources */ = {isa = PBXBuildFile; fileRef = 9DEE01C42220A097004E30EE /* GameScene.sks */; };
		9DEE01C92220A097004E30EE /* GameScene.swift in Sources */ = {isa = PBXBuildFile; fileRef = 9DEE01C82220A097004E30EE /* GameScene.swift */; };
		9DEE01CB2220A097004E30EE /* GameViewController.swift in Sources */ = {isa = PBXBuildFile; fileRef = 9DEE01CA2220A097004E30EE /* GameViewController.swift */; };
		9DEE01CE2220A097004E30EE /* Main.storyboard in Resources */ = {isa = PBXBuildFile; fileRef = 9DEE01CC2220A097004E30EE /* Main.storyboard */; };
		9DEE01D02220A0A4004E30EE /* Assets.xcassets in Resources */ = {isa = PBXBuildFile; fileRef = 9DEE01CF2220A0A4004E30EE /* Assets.xcassets */; };
		9DEE01D32220A0A4004E30EE /* LaunchScreen.storyboard in Resources */ = {isa = PBXBuildFile; fileRef = 9DEE01D12220A0A4004E30EE /* LaunchScreen.storyboard */; };
		9DEE01DE2220A0A4004E30EE /* JuegoNumberOneTests.swift in Sources */ = {isa = PBXBuildFile; fileRef = 9DEE01DD2220A0A4004E30EE /* JuegoNumberOneTests.swift */; };
		9DEE01E92220A0A4004E30EE /* JuegoNumberOneUITests.swift in Sources */ = {isa = PBXBuildFile; fileRef = 9DEE01E82220A0A4004E30EE /* JuegoNumberOneUITests.swift */; };
/* End PBXBuildFile section */

/* Begin PBXContainerItemProxy section */
		9DEE01DA2220A0A4004E30EE /* PBXContainerItemProxy */ = {
			isa = PBXContainerItemProxy;
			containerPortal = 9DEE01B72220A096004E30EE /* Project object */;
			proxyType = 1;
			remoteGlobalIDString = 9DEE01BE2220A097004E30EE;
			remoteInfo = JuegoNumberOne;
		};
		9DEE01E52220A0A4004E30EE /* PBXContainerItemProxy */ = {
			isa = PBXContainerItemProxy;
			containerPortal = 9DEE01B72220A096004E30EE /* Project object */;
			proxyType = 1;
			remoteGlobalIDString = 9DEE01BE2220A097004E30EE;
			remoteInfo = JuegoNumberOne;
		};
/* End PBXContainerItemProxy section */

/* Begin PBXFileReference section */
		9DEE01BF2220A097004E30EE /* JuegoNumberOne.app */ = {isa = PBXFileReference; explicitFileType = wrapper.application; includeInIndex = 0; path = JuegoNumberOne.app; sourceTree = BUILT_PRODUCTS_DIR; };
		9DEE01C22220A097004E30EE /* AppDelegate.swift */ = {isa = PBXFileReference; lastKnownFileType = sourcecode.swift; path = AppDelegate.swift; sourceTree = "<group>"; };
		9DEE01C42220A097004E30EE /* GameScene.sks */ = {isa = PBXFileReference; lastKnownFileType = file.sks; path = GameScene.sks; sourceTree = "<group>"; };
		9DEE01C82220A097004E30EE /* GameScene.swift */ = {isa = PBXFileReference; lastKnownFileType = sourcecode.swift; path = GameScene.swift; sourceTree = "<group>"; };
		9DEE01CA2220A097004E30EE /* GameViewController.swift */ = {isa = PBXFileReference; lastKnownFileType = sourcecode.swift; path = GameViewController.swift; sourceTree = "<group>"; };
		9DEE01CD2220A097004E30EE /* Base */ = {isa = PBXFileReference; lastKnownFileType = file.storyboard; name = Base; path = Base.lproj/Main.storyboard; sourceTree = "<group>"; };
		9DEE01CF2220A0A4004E30EE /* Assets.xcassets */ = {isa = PBXFileReference; lastKnownFileType = folder.assetcatalog; path = Assets.xcassets; sourceTree = "<group>"; };
		9DEE01D22220A0A4004E30EE /* Base */ = {isa = PBXFileReference; lastKnownFileType = file.storyboard; name = Base; path = Base.lproj/LaunchScreen.storyboard; sourceTree = "<group>"; };
		9DEE01D42220A0A4004E30EE /* Info.plist */ = {isa = PBXFileReference; lastKnownFileType = text.plist.xml; path = Info.plist; sourceTree = "<group>"; };
		9DEE01D92220A0A4004E30EE /* JuegoNumberOneTests.xctest */ = {isa = PBXFileReference; explicitFileType = wrapper.cfbundle; includeInIndex = 0; path = JuegoNumberOneTests.xctest; sourceTree = BUILT_PRODUCTS_DIR; };
		9DEE01DD2220A0A4004E30EE /* JuegoNumberOneTests.swift */ = {isa = PBXFileReference; lastKnownFileType = sourcecode.swift; path = JuegoNumberOneTests.swift; sourceTree = "<group>"; };
		9DEE01DF2220A0A4004E30EE /* Info.plist */ = {isa = PBXFileReference; lastKnownFileType = text.plist.xml; path = Info.plist; sourceTree = "<group>"; };
		9DEE01E42220A0A4004E30EE /* JuegoNumberOneUITests.xctest */ = {isa = PBXFileReference; explicitFileType = wrapper.cfbundle; includeInIndex = 0; path = JuegoNumberOneUITests.xctest; sourceTree = BUILT_PRODUCTS_DIR; };
		9DEE01E82220A0A4004E30EE /* JuegoNumberOneUITests.swift */ = {isa = PBXFileReference; lastKnownFileType = sourcecode.swift; path = JuegoNumberOneUITests.swift; sourceTree = "<group>"; };
		9DEE01EA2220A0A4004E30EE /* Info.plist */ = {isa = PBXFileReference; lastKnownFileType = text.plist.xml; path = Info.plist; sourceTree = "<group>"; };
/* End PBXFileReference section */

/* Begin PBXFrameworksBuildPhase section */
		9DEE01BC2220A097004E30EE /* Frameworks */ = {
			isa = PBXFrameworksBuildPhase;
			buildActionMask = 2147483647;
			files = (
			);
			runOnlyForDeploymentPostprocessing = 0;
		};
		9DEE01D62220A0A4004E30EE /* Frameworks */ = {
			isa = PBXFrameworksBuildPhase;
			buildActionMask = 2147483647;
			files = (
			);
			runOnlyForDeploymentPostprocessing = 0;
		};
		9DEE01E12220A0A4004E30EE /* Frameworks */ = {
			isa = PBXFrameworksBuildPhase;
			buildActionMask = 2147483647;
			files = (
			);
			runOnlyForDeploymentPostprocessing = 0;
		};
/* End PBXFrameworksBuildPhase section */

/* Begin PBXGroup section */
		9DEE01B62220A096004E30EE = {
			isa = PBXGroup;
			children = (
				9DEE01C12220A097004E30EE /* JuegoNumberOne */,
				9DEE01DC2220A0A4004E30EE /* JuegoNumberOneTests */,
				9DEE01E72220A0A4004E30EE /* JuegoNumberOneUITests */,
				9DEE01C02220A097004E30EE /* Products */,
			);
			sourceTree = "<group>";
		};
		9DEE01C02220A097004E30EE /* Products */ = {
			isa = PBXGroup;
			children = (
				9DEE01BF2220A097004E30EE /* JuegoNumberOne.app */,
				9DEE01D92220A0A4004E30EE /* JuegoNumberOneTests.xctest */,
				9DEE01E42220A0A4004E30EE /* JuegoNumberOneUITests.xctest */,
			);
			name = Products;
			sourceTree = "<group>";
		};
		9DEE01C12220A097004E30EE /* JuegoNumberOne */ = {
			isa = PBXGroup;
			children = (
				9DEE01C22220A097004E30EE /* AppDelegate.swift */,
				9DEE01C42220A097004E30EE /* GameScene.sks */,
				9DEE01C82220A097004E30EE /* GameScene.swift */,
				9DEE01CA2220A097004E30EE /* GameViewController.swift */,
				9DEE01CC2220A097004E30EE /* Main.storyboard */,
				9DEE01CF2220A0A4004E30EE /* Assets.xcassets */,
				9DEE01D12220A0A4004E30EE /* LaunchScreen.storyboard */,
				9DEE01D42220A0A4004E30EE /* Info.plist */,
			);
			path = JuegoNumberOne;
			sourceTree = "<group>";
		};
		9DEE01DC2220A0A4004E30EE /* JuegoNumberOneTests */ = {
			isa = PBXGroup;
			children = (
				9DEE01DD2220A0A4004E30EE /* JuegoNumberOneTests.swift */,
				9DEE01DF2220A0A4004E30EE /* Info.plist */,
			);
			path = JuegoNumberOneTests;
			sourceTree = "<group>";
		};
		9DEE01E72220A0A4004E30EE /* JuegoNumberOneUITests */ = {
			isa = PBXGroup;
			children = (
				9DEE01E82220A0A4004E30EE /* JuegoNumberOneUITests.swift */,
				9DEE01EA2220A0A4004E30EE /* Info.plist */,
			);
			path = JuegoNumberOneUITests;
			sourceTree = "<group>";
		};
/* End PBXGroup section */

/* Begin PBXNativeTarget section */
		9DEE01BE2220A097004E30EE /* JuegoNumberOne */ = {
			isa = PBXNativeTarget;
			buildConfigurationList = 9DEE01ED2220A0A4004E30EE /* Build configuration list for PBXNativeTarget "JuegoNumberOne" */;
			buildPhases = (
				9DEE01BB2220A097004E30EE /* Sources */,
				9DEE01BC2220A097004E30EE /* Frameworks */,
				9DEE01BD2220A097004E30EE /* Resources */,
			);
			buildRules = (
			);
			dependencies = (
			);
			name = JuegoNumberOne;
			productName = JuegoNumberOne;
			productReference = 9DEE01BF2220A097004E30EE /* JuegoNumberOne.app */;
			productType = "com.apple.product-type.application";
		};
		9DEE01D82220A0A4004E30EE /* JuegoNumberOneTests */ = {
			isa = PBXNativeTarget;
			buildConfigurationList = 9DEE01F02220A0A4004E30EE /* Build configuration list for PBXNativeTarget "JuegoNumberOneTests" */;
			buildPhases = (
				9DEE01D52220A0A4004E30EE /* Sources */,
				9DEE01D62220A0A4004E30EE /* Frameworks */,
				9DEE01D72220A0A4004E30EE /* Resources */,
			);
			buildRules = (
			);
			dependencies = (
				9DEE01DB2220A0A4004E30EE /* PBXTargetDependency */,
			);
			name = JuegoNumberOneTests;
			productName = JuegoNumberOneTests;
			productReference = 9DEE01D92220A0A4004E30EE /* JuegoNumberOneTests.xctest */;
			productType = "com.apple.product-type.bundle.unit-test";
		};
		9DEE01E32220A0A4004E30EE /* JuegoNumberOneUITests */ = {
			isa = PBXNativeTarget;
			buildConfigurationList = 9DEE01F32220A0A4004E30EE /* Build configuration list for PBXNativeTarget "JuegoNumberOneUITests" */;
			buildPhases = (
				9DEE01E02220A0A4004E30EE /* Sources */,
				9DEE01E12220A0A4004E30EE /* Frameworks */,
				9DEE01E22220A0A4004E30EE /* Resources */,
			);
			buildRules = (
			);
			dependencies = (
				9DEE01E62220A0A4004E30EE /* PBXTargetDependency */,
			);
			name = JuegoNumberOneUITests;
			productName = JuegoNumberOneUITests;
			productReference = 9DEE01E42220A0A4004E30EE /* JuegoNumberOneUITests.xctest */;
			productType = "com.apple.product-type.bundle.ui-testing";
		};
/* End PBXNativeTarget section */

/* Begin PBXProject section */
		9DEE01B72220A096004E30EE /* Project object */ = {
			isa = PBXProject;
			attributes = {
				LastSwiftUpdateCheck = 1010;
				LastUpgradeCheck = 1010;
				ORGANIZATIONNAME = "Pato Saldivar";
				TargetAttributes = {
					9DEE01BE2220A097004E30EE = {
						CreatedOnToolsVersion = 10.1;
					};
					9DEE01D82220A0A4004E30EE = {
						CreatedOnToolsVersion = 10.1;
						TestTargetID = 9DEE01BE2220A097004E30EE;
					};
					9DEE01E32220A0A4004E30EE = {
						CreatedOnToolsVersion = 10.1;
						TestTargetID = 9DEE01BE2220A097004E30EE;
					};
				};
			};
			buildConfigurationList = 9DEE01BA2220A096004E30EE /* Build configuration list for PBXProject "JuegoNumberOne" */;
			compatibilityVersion = "Xcode 9.3";
			developmentRegion = en;
			hasScannedForEncodings = 0;
			knownRegions = (
				en,
				Base,
			);
			mainGroup = 9DEE01B62220A096004E30EE;
			productRefGroup = 9DEE01C02220A097004E30EE /* Products */;
			projectDirPath = "";
			projectRoot = "";
			targets = (
				9DEE01BE2220A097004E30EE /* JuegoNumberOne */,
				9DEE01D82220A0A4004E30EE /* JuegoNumberOneTests */,
				9DEE01E32220A0A4004E30EE /* JuegoNumberOneUITests */,
			);
		};
/* End PBXProject section */

/* Begin PBXResourcesBuildPhase section */
		9DEE01BD2220A097004E30EE /* Resources */ = {
			isa = PBXResourcesBuildPhase;
			buildActionMask = 2147483647;
			files = (
				9DEE01CE2220A097004E30EE /* Main.storyboard in Resources */,
				9DEE01C52220A097004E30EE /* GameScene.sks in Resources */,
				9DEE01D02220A0A4004E30EE /* Assets.xcassets in Resources */,
				9DEE01D32220A0A4004E30EE /* LaunchScreen.storyboard in Resources */,
			);
			runOnlyForDeploymentPostprocessing = 0;
		};
		9DEE01D72220A0A4004E30EE /* Resources */ = {
			isa = PBXResourcesBuildPhase;
			buildActionMask = 2147483647;
			files = (
			);
			runOnlyForDeploymentPostprocessing = 0;
		};
		9DEE01E22220A0A4004E30EE /* Resources */ = {
			isa = PBXResourcesBuildPhase;
			buildActionMask = 2147483647;
			files = (
			);
			runOnlyForDeploymentPostprocessing = 0;
		};
/* End PBXResourcesBuildPhase section */

/* Begin PBXSourcesBuildPhase section */
		9DEE01BB2220A097004E30EE /* Sources */ = {
			isa = PBXSourcesBuildPhase;
			buildActionMask = 2147483647;
			files = (
				9DEE01C92220A097004E30EE /* GameScene.swift in Sources */,
				9DEE01CB2220A097004E30EE /* GameViewController.swift in Sources */,
				9DEE01C32220A097004E30EE /* AppDelegate.swift in Sources */,
			);
			runOnlyForDeploymentPostprocessing = 0;
		};
		9DEE01D52220A0A4004E30EE /* Sources */ = {
			isa = PBXSourcesBuildPhase;
			buildActionMask = 2147483647;
			files = (
				9DEE01DE2220A0A4004E30EE /* JuegoNumberOneTests.swift in Sources */,
			);
			runOnlyForDeploymentPostprocessing = 0;
		};
		9DEE01E02220A0A4004E30EE /* Sources */ = {
			isa = PBXSourcesBuildPhase;
			buildActionMask = 2147483647;
			files = (
				9DEE01E92220A0A4004E30EE /* JuegoNumberOneUITests.swift in Sources */,
			);
			runOnlyForDeploymentPostprocessing = 0;
		};
/* End PBXSourcesBuildPhase section */

/* Begin PBXTargetDependency section */
		9DEE01DB2220A0A4004E30EE /* PBXTargetDependency */ = {
			isa = PBXTargetDependency;
			target = 9DEE01BE2220A097004E30EE /* JuegoNumberOne */;
			targetProxy = 9DEE01DA2220A0A4004E30EE /* PBXContainerItemProxy */;
		};
		9DEE01E62220A0A4004E30EE /* PBXTargetDependency */ = {
			isa = PBXTargetDependency;
			target = 9DEE01BE2220A097004E30EE /* JuegoNumberOne */;
			targetProxy = 9DEE01E52220A0A4004E30EE /* PBXContainerItemProxy */;
		};
/* End PBXTargetDependency section */

/* Begin PBXVariantGroup section */
		9DEE01CC2220A097004E30EE /* Main.storyboard */ = {
			isa = PBXVariantGroup;
			children = (
				9DEE01CD2220A097004E30EE /* Base */,
			);
			name = Main.storyboard;
			sourceTree = "<group>";
		};
		9DEE01D12220A0A4004E30EE /* LaunchScreen.storyboard */ = {
			isa = PBXVariantGroup;
			children = (
				9DEE01D22220A0A4004E30EE /* Base */,
			);
			name = LaunchScreen.storyboard;
			sourceTree = "<group>";
		};
/* End PBXVariantGroup section */

/* Begin XCBuildConfiguration section */
		9DEE01EB2220A0A4004E30EE /* Debug */ = {
			isa = XCBuildConfiguration;
			buildSettings = {
				ALWAYS_SEARCH_USER_PATHS = NO;
				CLANG_ANALYZER_NONNULL = YES;
				CLANG_ANALYZER_NUMBER_OBJECT_CONVERSION = YES_AGGRESSIVE;
				CLANG_CXX_LANGUAGE_STANDARD = "gnu++14";
				CLANG_CXX_LIBRARY = "libc++";
				CLANG_ENABLE_MODULES = YES;
				CLANG_ENABLE_OBJC_ARC = YES;
				CLANG_ENABLE_OBJC_WEAK = YES;
				CLANG_WARN_BLOCK_CAPTURE_AUTORELEASING = YES;
				CLANG_WARN_BOOL_CONVERSION = YES;
				CLANG_WARN_COMMA = YES;
				CLANG_WARN_CONSTANT_CONVERSION = YES;
				CLANG_WARN_DEPRECATED_OBJC_IMPLEMENTATIONS = YES;
				CLANG_WARN_DIRECT_OBJC_ISA_USAGE = YES_ERROR;
				CLANG_WARN_DOCUMENTATION_COMMENTS = YES;
				CLANG_WARN_EMPTY_BODY = YES;
				CLANG_WARN_ENUM_CONVERSION = YES;
				CLANG_WARN_INFINITE_RECURSION = YES;
				CLANG_WARN_INT_CONVERSION = YES;
				CLANG_WARN_NON_LITERAL_NULL_CONVERSION = YES;
				CLANG_WARN_OBJC_IMPLICIT_RETAIN_SELF = YES;
				CLANG_WARN_OBJC_LITERAL_CONVERSION = YES;
				CLANG_WARN_OBJC_ROOT_CLASS = YES_ERROR;
				CLANG_WARN_RANGE_LOOP_ANALYSIS = YES;
				CLANG_WARN_STRICT_PROTOTYPES = YES;
				CLANG_WARN_SUSPICIOUS_MOVE = YES;
				CLANG_WARN_UNGUARDED_AVAILABILITY = YES_AGGRESSIVE;
				CLANG_WARN_UNREACHABLE_CODE = YES;
				CLANG_WARN__DUPLICATE_METHOD_MATCH = YES;
				CODE_SIGN_IDENTITY = "iPhone Developer";
				COPY_PHASE_STRIP = NO;
				DEBUG_INFORMATION_FORMAT = dwarf;
				ENABLE_STRICT_OBJC_MSGSEND = YES;
				ENABLE_TESTABILITY = YES;
				GCC_C_LANGUAGE_STANDARD = gnu11;
				GCC_DYNAMIC_NO_PIC = NO;
				GCC_NO_COMMON_BLOCKS = YES;
				GCC_OPTIMIZATION_LEVEL = 0;
				GCC_PREPROCESSOR_DEFINITIONS = (
					"DEBUG=1",
					"$(inherited)",
				);
				GCC_WARN_64_TO_32_BIT_CONVERSION = YES;
				GCC_WARN_ABOUT_RETURN_TYPE = YES_ERROR;
				GCC_WARN_UNDECLARED_SELECTOR = YES;
				GCC_WARN_UNINITIALIZED_AUTOS = YES_AGGRESSIVE;
				GCC_WARN_UNUSED_FUNCTION = YES;
				GCC_WARN_UNUSED_VARIABLE = YES;
				IPHONEOS_DEPLOYMENT_TARGET = 12.1;
				MTL_ENABLE_DEBUG_INFO = INCLUDE_SOURCE;
				MTL_FAST_MATH = YES;
				ONLY_ACTIVE_ARCH = YES;
				SDKROOT = iphoneos;
				SWIFT_ACTIVE_COMPILATION_CONDITIONS = DEBUG;
				SWIFT_OPTIMIZATION_LEVEL = "-Onone";
			};
			name = Debug;
		};
		9DEE01EC2220A0A4004E30EE /* Release */ = {
			isa = XCBuildConfiguration;
			buildSettings = {
				ALWAYS_SEARCH_USER_PATHS = NO;
				CLANG_ANALYZER_NONNULL = YES;
				CLANG_ANALYZER_NUMBER_OBJECT_CONVERSION = YES_AGGRESSIVE;
				CLANG_CXX_LANGUAGE_STANDARD = "gnu++14";
				CLANG_CXX_LIBRARY = "libc++";
				CLANG_ENABLE_MODULES = YES;
				CLANG_ENABLE_OBJC_ARC = YES;
				CLANG_ENABLE_OBJC_WEAK = YES;
				CLANG_WARN_BLOCK_CAPTURE_AUTORELEASING = YES;
				CLANG_WARN_BOOL_CONVERSION = YES;
				CLANG_WARN_COMMA = YES;
				CLANG_WARN_CONSTANT_CONVERSION = YES;
				CLANG_WARN_DEPRECATED_OBJC_IMPLEMENTATIONS = YES;
				CLANG_WARN_DIRECT_OBJC_ISA_USAGE = YES_ERROR;
				CLANG_WARN_DOCUMENTATION_COMMENTS = YES;
				CLANG_WARN_EMPTY_BODY = YES;
				CLANG_WARN_ENUM_CONVERSION = YES;
				CLANG_WARN_INFINITE_RECURSION = YES;
				CLANG_WARN_INT_CONVERSION = YES;
				CLANG_WARN_NON_LITERAL_NULL_CONVERSION = YES;
				CLANG_WARN_OBJC_IMPLICIT_RETAIN_SELF = YES;
				CLANG_WARN_OBJC_LITERAL_CONVERSION = YES;
				CLANG_WARN_OBJC_ROOT_CLASS = YES_ERROR;
				CLANG_WARN_RANGE_LOOP_ANALYSIS = YES;
				CLANG_WARN_STRICT_PROTOTYPES = YES;
				CLANG_WARN_SUSPICIOUS_MOVE = YES;
				CLANG_WARN_UNGUARDED_AVAILABILITY = YES_AGGRESSIVE;
				CLANG_WARN_UNREACHABLE_CODE = YES;
				CLANG_WARN__DUPLICATE_METHOD_MATCH = YES;
				CODE_SIGN_IDENTITY = "iPhone Developer";
				COPY_PHASE_STRIP = NO;
				DEBUG_INFORMATION_FORMAT = "dwarf-with-dsym";
				ENABLE_NS_ASSERTIONS = NO;
				ENABLE_STRICT_OBJC_MSGSEND = YES;
				GCC_C_LANGUAGE_STANDARD = gnu11;
				GCC_NO_COMMON_BLOCKS = YES;
				GCC_WARN_64_TO_32_BIT_CONVERSION = YES;
				GCC_WARN_ABOUT_RETURN_TYPE = YES_ERROR;
				GCC_WARN_UNDECLARED_SELECTOR = YES;
				GCC_WARN_UNINITIALIZED_AUTOS = YES_AGGRESSIVE;
				GCC_WARN_UNUSED_FUNCTION = YES;
				GCC_WARN_UNUSED_VARIABLE = YES;
				IPHONEOS_DEPLOYMENT_TARGET = 12.1;
				MTL_ENABLE_DEBUG_INFO = NO;
				MTL_FAST_MATH = YES;
				SDKROOT = iphoneos;
				SWIFT_COMPILATION_MODE = wholemodule;
				SWIFT_OPTIMIZATION_LEVEL = "-O";
				VALIDATE_PRODUCT = YES;
			};
			name = Release;
		};
		9DEE01EE2220A0A4004E30EE /* Debug */ = {
			isa = XCBuildConfiguration;
			buildSettings = {
				ASSETCATALOG_COMPILER_APPICON_NAME = AppIcon;
				CODE_SIGN_STYLE = Automatic;
				DEVELOPMENT_TEAM = H47AAXYS4P;
				INFOPLIST_FILE = JuegoNumberOne/Info.plist;
				LD_RUNPATH_SEARCH_PATHS = (
					"$(inherited)",
					"@executable_path/Frameworks",
				);
				PRODUCT_BUNDLE_IDENTIFIER = com.PatricioSaldivar.JuegoNumberOne;
				PRODUCT_NAME = "$(TARGET_NAME)";
				SWIFT_VERSION = 4.2;
				TARGETED_DEVICE_FAMILY = "1,2";
			};
			name = Debug;
		};
		9DEE01EF2220A0A4004E30EE /* Release */ = {
			isa = XCBuildConfiguration;
			buildSettings = {
				ASSETCATALOG_COMPILER_APPICON_NAME = AppIcon;
				CODE_SIGN_STYLE = Automatic;
				DEVELOPMENT_TEAM = H47AAXYS4P;
				INFOPLIST_FILE = JuegoNumberOne/Info.plist;
				LD_RUNPATH_SEARCH_PATHS = (
					"$(inherited)",
					"@executable_path/Frameworks",
				);
				PRODUCT_BUNDLE_IDENTIFIER = com.PatricioSaldivar.JuegoNumberOne;
				PRODUCT_NAME = "$(TARGET_NAME)";
				SWIFT_VERSION = 4.2;
				TARGETED_DEVICE_FAMILY = "1,2";
			};
			name = Release;
		};
		9DEE01F12220A0A4004E30EE /* Debug */ = {
			isa = XCBuildConfiguration;
			buildSettings = {
				ALWAYS_EMBED_SWIFT_STANDARD_LIBRARIES = YES;
				BUNDLE_LOADER = "$(TEST_HOST)";
				CODE_SIGN_STYLE = Automatic;
				DEVELOPMENT_TEAM = H47AAXYS4P;
				INFOPLIST_FILE = JuegoNumberOneTests/Info.plist;
				LD_RUNPATH_SEARCH_PATHS = (
					"$(inherited)",
					"@executable_path/Frameworks",
					"@loader_path/Frameworks",
				);
				PRODUCT_BUNDLE_IDENTIFIER = com.PatricioSaldivar.JuegoNumberOneTests;
				PRODUCT_NAME = "$(TARGET_NAME)";
				SWIFT_VERSION = 4.2;
				TARGETED_DEVICE_FAMILY = "1,2";
				TEST_HOST = "$(BUILT_PRODUCTS_DIR)/JuegoNumberOne.app/JuegoNumberOne";
			};
			name = Debug;
		};
		9DEE01F22220A0A4004E30EE /* Release */ = {
			isa = XCBuildConfiguration;
			buildSettings = {
				ALWAYS_EMBED_SWIFT_STANDARD_LIBRARIES = YES;
				BUNDLE_LOADER = "$(TEST_HOST)";
				CODE_SIGN_STYLE = Automatic;
				DEVELOPMENT_TEAM = H47AAXYS4P;
				INFOPLIST_FILE = JuegoNumberOneTests/Info.plist;
				LD_RUNPATH_SEARCH_PATHS = (
					"$(inherited)",
					"@executable_path/Frameworks",
					"@loader_path/Frameworks",
				);
				PRODUCT_BUNDLE_IDENTIFIER = com.PatricioSaldivar.JuegoNumberOneTests;
				PRODUCT_NAME = "$(TARGET_NAME)";
				SWIFT_VERSION = 4.2;
				TARGETED_DEVICE_FAMILY = "1,2";
				TEST_HOST = "$(BUILT_PRODUCTS_DIR)/JuegoNumberOne.app/JuegoNumberOne";
			};
			name = Release;
		};
		9DEE01F42220A0A4004E30EE /* Debug */ = {
			isa = XCBuildConfiguration;
			buildSettings = {
				ALWAYS_EMBED_SWIFT_STANDARD_LIBRARIES = YES;
				CODE_SIGN_STYLE = Automatic;
				DEVELOPMENT_TEAM = H47AAXYS4P;
				INFOPLIST_FILE = JuegoNumberOneUITests/Info.plist;
				LD_RUNPATH_SEARCH_PATHS = (
					"$(inherited)",
					"@executable_path/Frameworks",
					"@loader_path/Frameworks",
				);
				PRODUCT_BUNDLE_IDENTIFIER = com.PatricioSaldivar.JuegoNumberOneUITests;
				PRODUCT_NAME = "$(TARGET_NAME)";
				SWIFT_VERSION = 4.2;
				TARGETED_DEVICE_FAMILY = "1,2";
				TEST_TARGET_NAME = JuegoNumberOne;
			};
			name = Debug;
		};
		9DEE01F52220A0A4004E30EE /* Release */ = {
			isa = XCBuildConfiguration;
			buildSettings = {
				ALWAYS_EMBED_SWIFT_STANDARD_LIBRARIES = YES;
				CODE_SIGN_STYLE = Automatic;
				DEVELOPMENT_TEAM = H47AAXYS4P;
				INFOPLIST_FILE = JuegoNumberOneUITests/Info.plist;
				LD_RUNPATH_SEARCH_PATHS = (
					"$(inherited)",
					"@executable_path/Frameworks",
					"@loader_path/Frameworks",
				);
				PRODUCT_BUNDLE_IDENTIFIER = com.PatricioSaldivar.JuegoNumberOneUITests;
				PRODUCT_NAME = "$(TARGET_NAME)";
				SWIFT_VERSION = 4.2;
				TARGETED_DEVICE_FAMILY = "1,2";
				TEST_TARGET_NAME = JuegoNumberOne;
			};
			name = Release;
		};
/* End XCBuildConfiguration section */

/* Begin XCConfigurationList section */
		9DEE01BA2220A096004E30EE /* Build configuration list for PBXProject "JuegoNumberOne" */ = {
			isa = XCConfigurationList;
			buildConfigurations = (
				9DEE01EB2220A0A4004E30EE /* Debug */,
				9DEE01EC2220A0A4004E30EE /* Release */,
			);
			defaultConfigurationIsVisible = 0;
			defaultConfigurationName = Release;
		};
		9DEE01ED2220A0A4004E30EE /* Build configuration list for PBXNativeTarget "JuegoNumberOne" */ = {
			isa = XCConfigurationList;
			buildConfigurations = (
				9DEE01EE2220A0A4004E30EE /* Debug */,
				9DEE01EF2220A0A4004E30EE /* Release */,
			);
			defaultConfigurationIsVisible = 0;
			defaultConfigurationName = Release;
		};
		9DEE01F02220A0A4004E30EE /* Build configuration list for PBXNativeTarget "JuegoNumberOneTests" */ = {
			isa = XCConfigurationList;
			buildConfigurations = (
				9DEE01F12220A0A4004E30EE /* Debug */,
				9DEE01F22220A0A4004E30EE /* Release */,
			);
			defaultConfigurationIsVisible = 0;
			defaultConfigurationName = Release;
		};
		9DEE01F32220A0A4004E30EE /* Build configuration list for PBXNativeTarget "JuegoNumberOneUITests" */ = {
			isa = XCConfigurationList;
			buildConfigurations = (
				9DEE01F42220A0A4004E30EE /* Debug */,
				9DEE01F52220A0A4004E30EE /* Release */,
			);
			defaultConfigurationIsVisible = 0;
			defaultConfigurationName = Release;
		};
/* End XCConfigurationList section */
	};
	rootObject = 9DEE01B72220A096004E30EE /* Project object */;
}
